
Microsoft Visual Studio Solution File, Format Version 12.00
# Visual Studio Version 16
VisualStudioVersion = 16.0.29306.81
MinimumVisualStudioVersion = 10.0.40219.1
Project("{FAE04EC0-301F-11D3-BF4B-00C04F79EFBC}") = "Конвертер валют", "Конвертер валют\Конвертер валют.csproj", "{606A67E4-9B54-4B05-A83F-7EE4CE6C07C0}"
EndProject
Global
	GlobalSection(SolutionConfigurationPlatforms) = preSolution
		Debug|Any CPU = Debug|Any CPU
		Release|Any CPU = Release|Any CPU
	EndGlobalSection
	GlobalSection(ProjectConfigurationPlatforms) = postSolution
		{606A67E4-9B54-4B05-A83F-7EE4CE6C07C0}.Debug|Any CPU.ActiveCfg = Debug|Any CPU
		{606A67E4-9B54-4B05-A83F-7EE4CE6C07C0}.Debug|Any CPU.Build.0 = Debug|Any CPU
		{606A67E4-9B54-4B05-A83F-7EE4CE6C07C0}.Release|Any CPU.ActiveCfg = Release|Any CPU
		{606A67E4-9B54-4B05-A83F-7EE4CE6C07C0}.Release|Any CPU.Build.0 = Release|Any CPU
	EndGlobalSection
	GlobalSection(SolutionProperties) = preSolution
		HideSolutionNode = FALSE
	EndGlobalSection
	GlobalSection(ExtensibilityGlobals) = postSolution
		SolutionGuid = {E03EC685-6000-4D4D-930A-6350900339B5}
	EndGlobalSection
EndGlobal
