
Microsoft Visual Studio Solution File, Format Version 12.00
# Visual Studio Version 16
VisualStudioVersion = 16.0.29306.81
MinimumVisualStudioVersion = 10.0.40219.1
Project("{FAE04EC0-301F-11D3-BF4B-00C04F79EFBC}") = "ЖД_Узел", "ЖД_Узел\ЖД_Узел.csproj", "{D7F66FE9-51EE-4508-AA0D-12E431988AAA}"
EndProject
Global
	GlobalSection(SolutionConfigurationPlatforms) = preSolution
		Debug|Any CPU = Debug|Any CPU
		Release|Any CPU = Release|Any CPU
	EndGlobalSection
	GlobalSection(ProjectConfigurationPlatforms) = postSolution
		{D7F66FE9-51EE-4508-AA0D-12E431988AAA}.Debug|Any CPU.ActiveCfg = Debug|Any CPU
		{D7F66FE9-51EE-4508-AA0D-12E431988AAA}.Debug|Any CPU.Build.0 = Debug|Any CPU
		{D7F66FE9-51EE-4508-AA0D-12E431988AAA}.Release|Any CPU.ActiveCfg = Release|Any CPU
		{D7F66FE9-51EE-4508-AA0D-12E431988AAA}.Release|Any CPU.Build.0 = Release|Any CPU
	EndGlobalSection
	GlobalSection(SolutionProperties) = preSolution
		HideSolutionNode = FALSE
	EndGlobalSection
	GlobalSection(ExtensibilityGlobals) = postSolution
		SolutionGuid = {D2114FBE-60DF-4DA0-A778-DFC3D44E903E}
	EndGlobalSection
EndGlobal
